
Microsoft Visual Studio Solution File, Format Version 12.00
# Visual Studio Version 17
VisualStudioVersion = 17.5.002.0
MinimumVisualStudioVersion = 10.0.40219.1
Project("{9A19103F-16F7-4668-BE54-9A1E7A4F7556}") = "BlobEncryptionKeyVault", "BlobEncryptionKeyVault.csproj", "{E186E02D-A4C6-4749-8B74-3AB14811A4CC}"
EndProject
Global
	GlobalSection(SolutionConfigurationPlatforms) = preSolution
		Debug|Any CPU = Debug|Any CPU
		Release|Any CPU = Release|Any CPU
	EndGlobalSection
	GlobalSection(ProjectConfigurationPlatforms) = postSolution
		{E186E02D-A4C6-4749-8B74-3AB14811A4CC}.Debug|Any CPU.ActiveCfg = Debug|Any CPU
		{E186E02D-A4C6-4749-8B74-3AB14811A4CC}.Debug|Any CPU.Build.0 = Debug|Any CPU
		{E186E02D-A4C6-4749-8B74-3AB14811A4CC}.Release|Any CPU.ActiveCfg = Release|Any CPU
		{E186E02D-A4C6-4749-8B74-3AB14811A4CC}.Release|Any CPU.Build.0 = Release|Any CPU
	EndGlobalSection
	GlobalSection(SolutionProperties) = preSolution
		HideSolutionNode = FALSE
	EndGlobalSection
	GlobalSection(ExtensibilityGlobals) = postSolution
		SolutionGuid = {2BBAD8FC-D226-4C53-BD5C-4A6869A92E85}
	EndGlobalSection
EndGlobal
